github.com/bfix/berkeleydb v0.0.3 h1:luU2t0SCIK56h8XyoYwi2dVNSbQoQzmTM1j5WSpEDY4=
github.com/bfix/berkeleydb v0.0.3/go.mod h1:FwlvGJnNbu/XURLUMnnz1PH4B1wnbBubFEb4X5Q1960=
github.com/joho/godotenv v1.5.1 h1:7eLL/+HRGLY0ldzfGMeQkb7vMd0as4CfYvUVzLqw0N0=
github.com/joho/godotenv v1.5.1/go.mod h1:f4LDr5Voq0i2e/R5DDNOoa2zzDfwtkZa6DnEwAbqwq4=
